
Microsoft Visual Studio Solution File, Format Version 12.00
# Visual Studio Version 17
VisualStudioVersion = 17.6.33801.468
MinimumVisualStudioVersion = 10.0.40219.1
Project("{FAE04EC0-301F-11D3-BF4B-00C04F79EFBC}") = "KafkaConsumerMetrics", "KafkaConsumerMetrics.csproj", "{D29DC74A-A4F0-41DA-B3A2-2D1609A6CF29}"
EndProject
Global
	GlobalSection(SolutionConfigurationPlatforms) = preSolution
		Debug|Any CPU = Debug|Any CPU
		Release|Any CPU = Release|Any CPU
	EndGlobalSection
	GlobalSection(ProjectConfigurationPlatforms) = postSolution
		{D29DC74A-A4F0-41DA-B3A2-2D1609A6CF29}.Debug|Any CPU.ActiveCfg = Debug|Any CPU
		{D29DC74A-A4F0-41DA-B3A2-2D1609A6CF29}.Debug|Any CPU.Build.0 = Debug|Any CPU
		{D29DC74A-A4F0-41DA-B3A2-2D1609A6CF29}.Release|Any CPU.ActiveCfg = Release|Any CPU
		{D29DC74A-A4F0-41DA-B3A2-2D1609A6CF29}.Release|Any CPU.Build.0 = Release|Any CPU
	EndGlobalSection
	GlobalSection(SolutionProperties) = preSolution
		HideSolutionNode = FALSE
	EndGlobalSection
	GlobalSection(ExtensibilityGlobals) = postSolution
		SolutionGuid = {5C65A507-D90E-45DF-ABE9-0277B9A8620E}
	EndGlobalSection
EndGlobal
